
Microsoft Visual Studio Solution File, Format Version 12.00
# Visual Studio 14
VisualStudioVersion = 14.0.25420.1
MinimumVisualStudioVersion = 10.0.40219.1
Project("{FAE04EC0-301F-11D3-BF4B-00C04F79EFBC}") = "PrabhSimran_CSIS1175_AS1", "PrabhSimran_CSIS1175_AS1\PrabhSimran_CSIS1175_AS1.csproj", "{6BB28ECC-6563-47E6-B0F4-D88C28CA9433}"
EndProject
Global
	GlobalSection(SolutionConfigurationPlatforms) = preSolution
		Debug|Any CPU = Debug|Any CPU
		Release|Any CPU = Release|Any CPU
	EndGlobalSection
	GlobalSection(ProjectConfigurationPlatforms) = postSolution
		{6BB28ECC-6563-47E6-B0F4-D88C28CA9433}.Debug|Any CPU.ActiveCfg = Debug|Any CPU
		{6BB28ECC-6563-47E6-B0F4-D88C28CA9433}.Debug|Any CPU.Build.0 = Debug|Any CPU
		{6BB28ECC-6563-47E6-B0F4-D88C28CA9433}.Release|Any CPU.ActiveCfg = Release|Any CPU
		{6BB28ECC-6563-47E6-B0F4-D88C28CA9433}.Release|Any CPU.Build.0 = Release|Any CPU
	EndGlobalSection
	GlobalSection(SolutionProperties) = preSolution
		HideSolutionNode = FALSE
	EndGlobalSection
EndGlobal
